
Microsoft Visual Studio Solution File, Format Version 12.00
# Visual Studio Version 17
VisualStudioVersion = 17.9.34728.123
MinimumVisualStudioVersion = 10.0.40219.1
Project("{9A19103F-16F7-4668-BE54-9A1E7A4F7556}") = "ApiUserRegister", "ApiUserRegister\ApiUserRegister.csproj", "{E0CC30A1-A196-4259-A42F-A205F2E14BC1}"
EndProject
Project("{FAE04EC0-301F-11D3-BF4B-00C04F79EFBC}") = "Application", "Application\Application.csproj", "{298A47A7-B5BB-4F5B-9130-4C54F3495EEC}"
EndProject
Project("{FAE04EC0-301F-11D3-BF4B-00C04F79EFBC}") = "Domain", "Domain\Domain.csproj", "{D37AC49B-82A9-4A5B-A34D-3EE597C5149F}"
EndProject
Project("{FAE04EC0-301F-11D3-BF4B-00C04F79EFBC}") = "Infrastructure", "Infrastructure\Infrastructure.csproj", "{3FB1D5BA-3BDE-4A2C-B4E9-9A2DE9EDDBC1}"
EndProject
Global
	GlobalSection(SolutionConfigurationPlatforms) = preSolution
		Debug|Any CPU = Debug|Any CPU
		Release|Any CPU = Release|Any CPU
	EndGlobalSection
	GlobalSection(ProjectConfigurationPlatforms) = postSolution
		{E0CC30A1-A196-4259-A42F-A205F2E14BC1}.Debug|Any CPU.ActiveCfg = Debug|Any CPU
		{E0CC30A1-A196-4259-A42F-A205F2E14BC1}.Debug|Any CPU.Build.0 = Debug|Any CPU
		{E0CC30A1-A196-4259-A42F-A205F2E14BC1}.Release|Any CPU.ActiveCfg = Release|Any CPU
		{E0CC30A1-A196-4259-A42F-A205F2E14BC1}.Release|Any CPU.Build.0 = Release|Any CPU
		{298A47A7-B5BB-4F5B-9130-4C54F3495EEC}.Debug|Any CPU.ActiveCfg = Debug|Any CPU
		{298A47A7-B5BB-4F5B-9130-4C54F3495EEC}.Debug|Any CPU.Build.0 = Debug|Any CPU
		{298A47A7-B5BB-4F5B-9130-4C54F3495EEC}.Release|Any CPU.ActiveCfg = Release|Any CPU
		{298A47A7-B5BB-4F5B-9130-4C54F3495EEC}.Release|Any CPU.Build.0 = Release|Any CPU
		{D37AC49B-82A9-4A5B-A34D-3EE597C5149F}.Debug|Any CPU.ActiveCfg = Debug|Any CPU
		{D37AC49B-82A9-4A5B-A34D-3EE597C5149F}.Debug|Any CPU.Build.0 = Debug|Any CPU
		{D37AC49B-82A9-4A5B-A34D-3EE597C5149F}.Release|Any CPU.ActiveCfg = Release|Any CPU
		{D37AC49B-82A9-4A5B-A34D-3EE597C5149F}.Release|Any CPU.Build.0 = Release|Any CPU
		{3FB1D5BA-3BDE-4A2C-B4E9-9A2DE9EDDBC1}.Debug|Any CPU.ActiveCfg = Debug|Any CPU
		{3FB1D5BA-3BDE-4A2C-B4E9-9A2DE9EDDBC1}.Debug|Any CPU.Build.0 = Debug|Any CPU
		{3FB1D5BA-3BDE-4A2C-B4E9-9A2DE9EDDBC1}.Release|Any CPU.ActiveCfg = Release|Any CPU
		{3FB1D5BA-3BDE-4A2C-B4E9-9A2DE9EDDBC1}.Release|Any CPU.Build.0 = Release|Any CPU
	EndGlobalSection
	GlobalSection(SolutionProperties) = preSolution
		HideSolutionNode = FALSE
	EndGlobalSection
	GlobalSection(ExtensibilityGlobals) = postSolution
		SolutionGuid = {F0D1E04B-76AF-4702-B2EF-8CB39F7E09C9}
	EndGlobalSection
EndGlobal
